
Microsoft Visual Studio Solution File, Format Version 12.00
# Visual Studio Version 16
VisualStudioVersion = 16.0.30225.117
MinimumVisualStudioVersion = 10.0.40219.1
Project("{FAE04EC0-301F-11D3-BF4B-00C04F79EFBC}") = "WindowsFormsApp61", "WindowsFormsApp61\WindowsFormsApp61.csproj", "{9918A51E-EA56-40CD-8727-75D3DAA49EDF}"
EndProject
Global
	GlobalSection(SolutionConfigurationPlatforms) = preSolution
		Debug|Any CPU = Debug|Any CPU
		Release|Any CPU = Release|Any CPU
	EndGlobalSection
	GlobalSection(ProjectConfigurationPlatforms) = postSolution
		{9918A51E-EA56-40CD-8727-75D3DAA49EDF}.Debug|Any CPU.ActiveCfg = Debug|Any CPU
		{9918A51E-EA56-40CD-8727-75D3DAA49EDF}.Debug|Any CPU.Build.0 = Debug|Any CPU
		{9918A51E-EA56-40CD-8727-75D3DAA49EDF}.Release|Any CPU.ActiveCfg = Release|Any CPU
		{9918A51E-EA56-40CD-8727-75D3DAA49EDF}.Release|Any CPU.Build.0 = Release|Any CPU
	EndGlobalSection
	GlobalSection(SolutionProperties) = preSolution
		HideSolutionNode = FALSE
	EndGlobalSection
	GlobalSection(ExtensibilityGlobals) = postSolution
		SolutionGuid = {DF4CF00D-4D72-41F3-A954-7F4B0A0F2F36}
	EndGlobalSection
EndGlobal
